{
  "version": 1,
  "dependencies": {
    "net8.0-windows7.0": {
      "AutomaticGraphLayout": {
        "type": "Direct",
        "requested": "[1.1.12, )",
        "resolved": "1.1.12",
        "contentHash": "Txc1uVLwnKemnPWmGSAVSZaBR95VTxU7/LfarvSOuJC6KuwPW4xrLpIGTOUbCXYZiSnkxN2jiC3FwX/2051+9g=="
      },
      "DalamudPackager": {
        "type": "Direct",
        "requested": "[11.0.0, )",
        "resolved": "11.0.0",
        "contentHash": "bjT7XUlhIJSmsE/O76b7weUX+evvGQctbQB8aKXt94o+oPWxHpCepxAGMs7Thow3AzCyqWs7cOpp9/2wcgRRQA=="
      },
      "System.Threading.Channels": {
        "type": "Direct",
        "requested": "[8.0.0, )",
        "resolved": "8.0.0",
        "contentHash": "CMaFr7v+57RW7uZfZkPExsPB6ljwzhjACWW1gfU35Y56rk72B/Wu+sTqxVmGSk4SFUlPc3cjeKND0zktziyjBA=="
      }
    }
  }
}