{
  "version": 1,
  "dependencies": {
    "net6.0-windows7.0": {
      "AutomaticGraphLayout": {
        "type": "Direct",
        "requested": "[1.1.12, )",
        "resolved": "1.1.12",
        "contentHash": "Txc1uVLwnKemnPWmGSAVSZaBR95VTxU7/LfarvSOuJC6KuwPW4xrLpIGTOUbCXYZiSnkxN2jiC3FwX/2051+9g=="
      },
      "DalamudPackager": {
        "type": "Direct",
        "requested": "[2.1.8, )",
        "resolved": "2.1.8",
        "contentHash": "YqagNXs9InxmqkXzq7kLveImxnodkBEicAhydMXVp7dFjC7xb76U6zGgAax4/BWIWfZeWzr5DJyQSev31kj81A=="
      },
      "System.Threading.Channels": {
        "type": "Direct",
        "requested": "[6.0.0, )",
        "resolved": "6.0.0",
        "contentHash": "TY8/9+tI0mNaUMgntOxxaq2ndTkdXqLSxvPmas7XEqOlv9lQtB7wLjYGd756lOaO7Dvb5r/WXhluM+0Xe87v5Q=="
      },
      "XivCommon": {
        "type": "Direct",
        "requested": "[6.0.0, )",
        "resolved": "6.0.0",
        "contentHash": "8HwrC7mnkcaP+JxRoIIu9MqFElQRVL8HOr8EQ6Te+11zzvKoXTZZrZ7VWETF2CHfB+7c1v5wONZKqZJ2hETpjg=="
      }
    }
  }
}